
Microsoft Visual Studio Solution File, Format Version 12.00
# Visual Studio Version 17
VisualStudioVersion = 17.7.34202.233
MinimumVisualStudioVersion = 10.0.40219.1
Project("{9A19103F-16F7-4668-BE54-9A1E7A4F7556}") = "Maze", "Maze\Maze.csproj", "{1BD1F61D-B11E-4A97-A004-9835F0437800}"
EndProject
Project("{9A19103F-16F7-4668-BE54-9A1E7A4F7556}") = "MapGenerator", "MapGenerator\MapGenerator.csproj", "{9292458B-E619-41E8-9D98-DEB71F2ECE1C}"
EndProject
Project("{FAE04EC0-301F-11D3-BF4B-00C04F79EFBC}") = "MapEditor", "MapEditor\MapEditor.csproj", "{9FE72885-D08B-4610-A95C-1D3AC5BEF25F}"
EndProject
Project("{FAE04EC0-301F-11D3-BF4B-00C04F79EFBC}") = "MapModel", "MapModel\MapModel.csproj", "{448DC0DD-1022-4797-99B6-C886F8001E41}"
EndProject
Global
	GlobalSection(SolutionConfigurationPlatforms) = preSolution
		Debug|Any CPU = Debug|Any CPU
		Release|Any CPU = Release|Any CPU
	EndGlobalSection
	GlobalSection(ProjectConfigurationPlatforms) = postSolution
		{1BD1F61D-B11E-4A97-A004-9835F0437800}.Debug|Any CPU.ActiveCfg = Debug|Any CPU
		{1BD1F61D-B11E-4A97-A004-9835F0437800}.Debug|Any CPU.Build.0 = Debug|Any CPU
		{1BD1F61D-B11E-4A97-A004-9835F0437800}.Release|Any CPU.ActiveCfg = Release|Any CPU
		{1BD1F61D-B11E-4A97-A004-9835F0437800}.Release|Any CPU.Build.0 = Release|Any CPU
		{9292458B-E619-41E8-9D98-DEB71F2ECE1C}.Debug|Any CPU.ActiveCfg = Debug|Any CPU
		{9292458B-E619-41E8-9D98-DEB71F2ECE1C}.Debug|Any CPU.Build.0 = Debug|Any CPU
		{9292458B-E619-41E8-9D98-DEB71F2ECE1C}.Release|Any CPU.ActiveCfg = Release|Any CPU
		{9292458B-E619-41E8-9D98-DEB71F2ECE1C}.Release|Any CPU.Build.0 = Release|Any CPU
		{9FE72885-D08B-4610-A95C-1D3AC5BEF25F}.Debug|Any CPU.ActiveCfg = Debug|Any CPU
		{9FE72885-D08B-4610-A95C-1D3AC5BEF25F}.Debug|Any CPU.Build.0 = Debug|Any CPU
		{9FE72885-D08B-4610-A95C-1D3AC5BEF25F}.Release|Any CPU.ActiveCfg = Release|Any CPU
		{9FE72885-D08B-4610-A95C-1D3AC5BEF25F}.Release|Any CPU.Build.0 = Release|Any CPU
		{448DC0DD-1022-4797-99B6-C886F8001E41}.Debug|Any CPU.ActiveCfg = Debug|Any CPU
		{448DC0DD-1022-4797-99B6-C886F8001E41}.Debug|Any CPU.Build.0 = Debug|Any CPU
		{448DC0DD-1022-4797-99B6-C886F8001E41}.Release|Any CPU.ActiveCfg = Release|Any CPU
		{448DC0DD-1022-4797-99B6-C886F8001E41}.Release|Any CPU.Build.0 = Release|Any CPU
	EndGlobalSection
	GlobalSection(SolutionProperties) = preSolution
		HideSolutionNode = FALSE
	EndGlobalSection
	GlobalSection(ExtensibilityGlobals) = postSolution
		SolutionGuid = {46FB4B28-C4E6-43A5-A52D-6055E36ABD48}
	EndGlobalSection
EndGlobal
